
Microsoft Visual Studio Solution File, Format Version 12.00
# Visual Studio Version 17
VisualStudioVersion = 17.1.32210.238
MinimumVisualStudioVersion = 10.0.40219.1
Project("{8BC9CEB8-8B4A-11D0-8D11-00A0C91BC942}") = "1. Tetris", "1. Tetris\1. Tetris.vcxproj", "{D9CDF004-47E6-4268-9CBF-580A582339C9}"
EndProject
Global
	GlobalSection(SolutionConfigurationPlatforms) = preSolution
		Debug|x64 = Debug|x64
		Debug|x86 = Debug|x86
		Release|x64 = Release|x64
		Release|x86 = Release|x86
	EndGlobalSection
	GlobalSection(ProjectConfigurationPlatforms) = postSolution
		{D9CDF004-47E6-4268-9CBF-580A582339C9}.Debug|x64.ActiveCfg = Debug|x64
		{D9CDF004-47E6-4268-9CBF-580A582339C9}.Debug|x64.Build.0 = Debug|x64
		{D9CDF004-47E6-4268-9CBF-580A582339C9}.Debug|x86.ActiveCfg = Debug|Win32
		{D9CDF004-47E6-4268-9CBF-580A582339C9}.Debug|x86.Build.0 = Debug|Win32
		{D9CDF004-47E6-4268-9CBF-580A582339C9}.Release|x64.ActiveCfg = Release|x64
		{D9CDF004-47E6-4268-9CBF-580A582339C9}.Release|x64.Build.0 = Release|x64
		{D9CDF004-47E6-4268-9CBF-580A582339C9}.Release|x86.ActiveCfg = Release|Win32
		{D9CDF004-47E6-4268-9CBF-580A582339C9}.Release|x86.Build.0 = Release|Win32
	EndGlobalSection
	GlobalSection(SolutionProperties) = preSolution
		HideSolutionNode = FALSE
	EndGlobalSection
	GlobalSection(ExtensibilityGlobals) = postSolution
		SolutionGuid = {4C04DF93-7C79-4836-9A5E-C7579489A161}
	EndGlobalSection
EndGlobal
