
Microsoft Visual Studio Solution File, Format Version 12.00
# Visual Studio Version 17
VisualStudioVersion = 17.1.32210.238
MinimumVisualStudioVersion = 10.0.40219.1
Project("{FAE04EC0-301F-11D3-BF4B-00C04F79EFBC}") = "7. Memento", "7. Memento\7. Memento.csproj", "{1A3C1253-CFD3-412C-BD4F-87ABDDD7D21F}"
EndProject
Global
	GlobalSection(SolutionConfigurationPlatforms) = preSolution
		Debug|Any CPU = Debug|Any CPU
		Release|Any CPU = Release|Any CPU
	EndGlobalSection
	GlobalSection(ProjectConfigurationPlatforms) = postSolution
		{1A3C1253-CFD3-412C-BD4F-87ABDDD7D21F}.Debug|Any CPU.ActiveCfg = Debug|Any CPU
		{1A3C1253-CFD3-412C-BD4F-87ABDDD7D21F}.Debug|Any CPU.Build.0 = Debug|Any CPU
		{1A3C1253-CFD3-412C-BD4F-87ABDDD7D21F}.Release|Any CPU.ActiveCfg = Release|Any CPU
		{1A3C1253-CFD3-412C-BD4F-87ABDDD7D21F}.Release|Any CPU.Build.0 = Release|Any CPU
	EndGlobalSection
	GlobalSection(SolutionProperties) = preSolution
		HideSolutionNode = FALSE
	EndGlobalSection
	GlobalSection(ExtensibilityGlobals) = postSolution
		SolutionGuid = {5306D87F-41D3-49DA-B339-FE01F9E4B96C}
	EndGlobalSection
EndGlobal
